
Microsoft Visual Studio Solution File, Format Version 12.00
# Visual Studio Version 17
VisualStudioVersion = 17.14.36717.8
MinimumVisualStudioVersion = 10.0.40219.1
Project("{2150E333-8FDC-42A3-9474-1A3956D46DE8}") = "Teaching projects", "Teaching projects", "{EBB2CB6A-19DA-88BE-E380-EE2D55E606EC}"
	ProjectSection(SolutionItems) = preProject
		about.md = about.md
		TDD.txt = TDD.txt
	EndProjectSection
EndProject
Project("{FAE04EC0-301F-11D3-BF4B-00C04F79EFBC}") = "Teaching", "Teaching\Teaching.csproj", "{DD7153C1-9AF7-84D5-7AA6-051380F8654E}"
EndProject
Project("{FAE04EC0-301F-11D3-BF4B-00C04F79EFBC}") = "TeachingLibrary", "TeachingLibrary\TeachingLibrary.csproj", "{0157ACBE-7A13-4A57-BFC6-058EE8BA090E}"
EndProject
Project("{2150E333-8FDC-42A3-9474-1A3956D46DE8}") = "Solution Items", "Solution Items", "{089100B1-113F-4E66-888A-E83F3999EAFD}"
	ProjectSection(SolutionItems) = preProject
		readme.md = readme.md
	EndProjectSection
EndProject
Project("{FAE04EC0-301F-11D3-BF4B-00C04F79EFBC}") = "DebuggingSamples", "DebuggingSamples\DebuggingSamples.csproj", "{552B3D66-E6A8-4B9A-AA4C-4C615465582A}"
EndProject
Project("{2150E333-8FDC-42A3-9474-1A3956D46DE8}") = "Class projects", "Class projects", "{F01865C9-2950-8BC9-7995-36DFEFB9E8E9}"
EndProject
Project("{FAE04EC0-301F-11D3-BF4B-00C04F79EFBC}") = "SpectreConsoleLibrary", "SpectreConsoleLibrary\SpectreConsoleLibrary.csproj", "{4268F1E5-CFEE-41F4-BCA6-DF087F17C89D}"
EndProject
Global
	GlobalSection(SolutionConfigurationPlatforms) = preSolution
		Debug|Any CPU = Debug|Any CPU
		Release|Any CPU = Release|Any CPU
	EndGlobalSection
	GlobalSection(ProjectConfigurationPlatforms) = postSolution
		{DD7153C1-9AF7-84D5-7AA6-051380F8654E}.Debug|Any CPU.ActiveCfg = Debug|Any CPU
		{DD7153C1-9AF7-84D5-7AA6-051380F8654E}.Debug|Any CPU.Build.0 = Debug|Any CPU
		{DD7153C1-9AF7-84D5-7AA6-051380F8654E}.Release|Any CPU.ActiveCfg = Release|Any CPU
		{DD7153C1-9AF7-84D5-7AA6-051380F8654E}.Release|Any CPU.Build.0 = Release|Any CPU
		{0157ACBE-7A13-4A57-BFC6-058EE8BA090E}.Debug|Any CPU.ActiveCfg = Debug|Any CPU
		{0157ACBE-7A13-4A57-BFC6-058EE8BA090E}.Debug|Any CPU.Build.0 = Debug|Any CPU
		{0157ACBE-7A13-4A57-BFC6-058EE8BA090E}.Release|Any CPU.ActiveCfg = Release|Any CPU
		{0157ACBE-7A13-4A57-BFC6-058EE8BA090E}.Release|Any CPU.Build.0 = Release|Any CPU
		{552B3D66-E6A8-4B9A-AA4C-4C615465582A}.Debug|Any CPU.ActiveCfg = Debug|Any CPU
		{552B3D66-E6A8-4B9A-AA4C-4C615465582A}.Debug|Any CPU.Build.0 = Debug|Any CPU
		{552B3D66-E6A8-4B9A-AA4C-4C615465582A}.Release|Any CPU.ActiveCfg = Release|Any CPU
		{552B3D66-E6A8-4B9A-AA4C-4C615465582A}.Release|Any CPU.Build.0 = Release|Any CPU
		{4268F1E5-CFEE-41F4-BCA6-DF087F17C89D}.Debug|Any CPU.ActiveCfg = Debug|Any CPU
		{4268F1E5-CFEE-41F4-BCA6-DF087F17C89D}.Debug|Any CPU.Build.0 = Debug|Any CPU
		{4268F1E5-CFEE-41F4-BCA6-DF087F17C89D}.Release|Any CPU.ActiveCfg = Release|Any CPU
		{4268F1E5-CFEE-41F4-BCA6-DF087F17C89D}.Release|Any CPU.Build.0 = Release|Any CPU
	EndGlobalSection
	GlobalSection(SolutionProperties) = preSolution
		HideSolutionNode = FALSE
	EndGlobalSection
	GlobalSection(NestedProjects) = preSolution
		{DD7153C1-9AF7-84D5-7AA6-051380F8654E} = {EBB2CB6A-19DA-88BE-E380-EE2D55E606EC}
		{0157ACBE-7A13-4A57-BFC6-058EE8BA090E} = {EBB2CB6A-19DA-88BE-E380-EE2D55E606EC}
		{552B3D66-E6A8-4B9A-AA4C-4C615465582A} = {EBB2CB6A-19DA-88BE-E380-EE2D55E606EC}
		{F01865C9-2950-8BC9-7995-36DFEFB9E8E9} = {EBB2CB6A-19DA-88BE-E380-EE2D55E606EC}
		{4268F1E5-CFEE-41F4-BCA6-DF087F17C89D} = {F01865C9-2950-8BC9-7995-36DFEFB9E8E9}
	EndGlobalSection
	GlobalSection(ExtensibilityGlobals) = postSolution
		SolutionGuid = {A775ACC0-A57A-4A77-9716-14DF63D1B38E}
	EndGlobalSection
EndGlobal
